
Microsoft Visual Studio Solution File, Format Version 12.00
# Visual Studio Version 17
VisualStudioVersion = 17.8.34511.84
MinimumVisualStudioVersion = 10.0.40219.1
Project("{9A19103F-16F7-4668-BE54-9A1E7A4F7556}") = "MariesWonderland", "src/MariesWonderland.csproj", "{CA577316-1B99-4730-B5BC-52B3B914F4A1}"
EndProject
Global
	GlobalSection(SolutionConfigurationPlatforms) = preSolution
		Debug|Any CPU = Debug|Any CPU
		Release|Any CPU = Release|Any CPU
	EndGlobalSection
	GlobalSection(ProjectConfigurationPlatforms) = postSolution
		{CA577316-1B99-4730-B5BC-52B3B914F4A1}.Debug|Any CPU.ActiveCfg = Debug|Any CPU
		{CA577316-1B99-4730-B5BC-52B3B914F4A1}.Debug|Any CPU.Build.0 = Debug|Any CPU
		{CA577316-1B99-4730-B5BC-52B3B914F4A1}.Release|Any CPU.ActiveCfg = Release|Any CPU
		{CA577316-1B99-4730-B5BC-52B3B914F4A1}.Release|Any CPU.Build.0 = Release|Any CPU
	EndGlobalSection
	GlobalSection(SolutionProperties) = preSolution
		HideSolutionNode = FALSE
	EndGlobalSection
	GlobalSection(ExtensibilityGlobals) = postSolution
		SolutionGuid = {DFE0158F-EDF3-483A-B024-896B0BB7D843}
	EndGlobalSection
EndGlobal
